
Microsoft Visual Studio Solution File, Format Version 12.00
# Visual Studio Version 17
VisualStudioVersion = 17.5.33424.131
MinimumVisualStudioVersion = 10.0.40219.1
Project("{2150E333-8FDC-42A3-9474-1A3956D46DE8}") = "02_ConfigurandoAmbiente", "02_ConfigurandoAmbiente", "{360F7FF8-2735-4BED-B697-3E6D13AA8C88}"
EndProject
Project("{2150E333-8FDC-42A3-9474-1A3956D46DE8}") = "03_PrimerApi", "03_PrimerApi", "{A34C36C1-E25D-46BC-B9AB-4D29F3A9077C}"
EndProject
Project("{2150E333-8FDC-42A3-9474-1A3956D46DE8}") = "04_Fundamentos_AspNet", "04_Fundamentos_AspNet", "{B2F2A546-1CE8-4A59-9186-92B72538BF4D}"
EndProject
Project("{2150E333-8FDC-42A3-9474-1A3956D46DE8}") = "05_Manipulando_Recursos", "05_Manipulando_Recursos", "{A3BDC7E8-8F3B-410E-8CA8-98B3B9C747F5}"
EndProject
Project("{2150E333-8FDC-42A3-9474-1A3956D46DE8}") = "06_Configuraciones", "06_Configuraciones", "{A08E9588-805B-4CD0-9361-65A34836D7F2}"
EndProject
Project("{2150E333-8FDC-42A3-9474-1A3956D46DE8}") = "07_Seguridad", "07_Seguridad", "{13E43CF4-6493-4658-A3F1-C294952B263D}"
EndProject
Project("{2150E333-8FDC-42A3-9474-1A3956D46DE8}") = "08_Escenarios_Avanzados", "08_Escenarios_Avanzados", "{EB60F2D4-A013-40F0-88C8-F4A9D714B9E2}"
EndProject
Project("{2150E333-8FDC-42A3-9474-1A3956D46DE8}") = "09_Pruebas_Automaticas", "09_Pruebas_Automaticas", "{632B6516-B21F-4CFE-B894-8F16136E77FE}"
EndProject
Project("{2150E333-8FDC-42A3-9474-1A3956D46DE8}") = "10_Despliegues", "10_Despliegues", "{ABDEBB3A-BCC9-42EF-AB27-CBCFAF21A7FF}"
EndProject
Project("{2150E333-8FDC-42A3-9474-1A3956D46DE8}") = "11_Proyecto_Final", "11_Proyecto_Final", "{F60DB2E9-E892-4241-B4F3-8728E3DA5C53}"
EndProject
Project("{2150E333-8FDC-42A3-9474-1A3956D46DE8}") = "12_Api_Con_Suscripciones", "12_Api_Con_Suscripciones", "{C50D2469-A94E-4255-98D7-9876BCB87378}"
EndProject
Project("{2150E333-8FDC-42A3-9474-1A3956D46DE8}") = "Solution Items", "Solution Items", "{617485D6-3B31-445F-B8A1-013E147A2C04}"
	ProjectSection(SolutionItems) = preProject
		ReadMe\README.md = ReadMe\README.md
	EndProjectSection
EndProject
Project("{9A19103F-16F7-4668-BE54-9A1E7A4F7556}") = "WebAPIAutores", "Projects\02_ConfigurandoAmbiente\WebAPIAutores\WebAPIAutores.csproj", "{8C24CC2A-C5AC-4E72-A0C0-FB418EBCED61}"
EndProject
Project("{9A19103F-16F7-4668-BE54-9A1E7A4F7556}") = "WebAPIAutores", "Projects\03_PrimerApi\WebAPIAutores.csproj", "{3081A984-D5C7-48BE-B41C-C1B200A67E1D}"
EndProject
Project("{9A19103F-16F7-4668-BE54-9A1E7A4F7556}") = "WebAPIAutores", "Projects\04_Fundamentos_AspNet\WebAPIAutores.csproj", "{6B67C97F-F1C0-4A2C-BBA5-EF91BFBF909A}"
EndProject
Project("{9A19103F-16F7-4668-BE54-9A1E7A4F7556}") = "WebAPIAutores", "Projects\05_Manipulando_Recursos\WebAPIAutores.csproj", "{EF7C90F0-634F-4078-B140-06E55BADB180}"
EndProject
Project("{9A19103F-16F7-4668-BE54-9A1E7A4F7556}") = "WebAPIAutores", "Projects\06_Configuraciones\WebAPIAutores.csproj", "{E6A5E6F4-D614-447B-AF91-E3C28B35CF9B}"
EndProject
Project("{9A19103F-16F7-4668-BE54-9A1E7A4F7556}") = "WebAPIAutores", "Projects\07_Seguridad\WebAPIAutores.csproj", "{63170532-9C6D-4154-84DB-3CD332D49C51}"
EndProject
Project("{9A19103F-16F7-4668-BE54-9A1E7A4F7556}") = "WebAPIAutores", "Projects\08_Escenarios_Avanzados\WebAPIAutores.csproj", "{9FE2A648-FBE9-4E54-BAAF-9B86500E3735}"
EndProject
Project("{9A19103F-16F7-4668-BE54-9A1E7A4F7556}") = "WebAPIAutores", "Projects\09_Pruebas_Automaticas\WebAPIAutores\WebAPIAutores.csproj", "{7C31A258-D9DF-4A7A-93FD-72C6D1D7CE51}"
EndProject
Project("{9A19103F-16F7-4668-BE54-9A1E7A4F7556}") = "WebAPIAutores.Tests", "Projects\09_Pruebas_Automaticas\WebAPIAutores.Tests\WebAPIAutores.Tests.csproj", "{0D17EB45-B543-49FE-B094-E6ACCEFBA27E}"
EndProject
Project("{9A19103F-16F7-4668-BE54-9A1E7A4F7556}") = "WebAPIAutores2.Tests2", "Projects\09_Pruebas_Automaticas\WebAPIAutores2.Tests2\WebAPIAutores2.Tests2.csproj", "{060480E6-FCF7-40F0-8A4F-34C774FF4EEF}"
EndProject
Project("{9A19103F-16F7-4668-BE54-9A1E7A4F7556}") = "WebAPIAutores", "Projects\10_Despliegues\WebAPIAutores\WebAPIAutores.csproj", "{F08FFCB2-F41E-4A1E-A42D-690B1846CC2A}"
EndProject
Project("{9A19103F-16F7-4668-BE54-9A1E7A4F7556}") = "WebAPIAutores.Tests", "Projects\10_Despliegues\WebAPIAutores.Tests\WebAPIAutores.Tests.csproj", "{586CDC9D-3776-4039-BABF-F6F6D0195044}"
EndProject
Project("{9A19103F-16F7-4668-BE54-9A1E7A4F7556}") = "PeliculasAPI", "Projects\11_Proyecto_Final\PeliculasAPI\PeliculasAPI.csproj", "{B2D402FA-B0EA-4752-A67C-27EE19F5F83D}"
EndProject
Project("{9A19103F-16F7-4668-BE54-9A1E7A4F7556}") = "PeliculasAPI.Tests", "Projects\11_Proyecto_Final\PeliculasAPI.Tests\PeliculasAPI.Tests.csproj", "{4D7E2261-D614-40B8-A261-2EC9DF090F4A}"
EndProject
Project("{9A19103F-16F7-4668-BE54-9A1E7A4F7556}") = "WebAPIAutores", "Projects\12_Api_Con_Suscripciones\WebAPIAutores\WebAPIAutores.csproj", "{A3946A05-6A00-48C8-A3AA-F12788389AE1}"
EndProject
Global
	GlobalSection(SolutionConfigurationPlatforms) = preSolution
		Debug|Any CPU = Debug|Any CPU
		Release|Any CPU = Release|Any CPU
	EndGlobalSection
	GlobalSection(ProjectConfigurationPlatforms) = postSolution
		{8C24CC2A-C5AC-4E72-A0C0-FB418EBCED61}.Debug|Any CPU.ActiveCfg = Debug|Any CPU
		{8C24CC2A-C5AC-4E72-A0C0-FB418EBCED61}.Debug|Any CPU.Build.0 = Debug|Any CPU
		{8C24CC2A-C5AC-4E72-A0C0-FB418EBCED61}.Release|Any CPU.ActiveCfg = Release|Any CPU
		{8C24CC2A-C5AC-4E72-A0C0-FB418EBCED61}.Release|Any CPU.Build.0 = Release|Any CPU
		{3081A984-D5C7-48BE-B41C-C1B200A67E1D}.Debug|Any CPU.ActiveCfg = Debug|Any CPU
		{3081A984-D5C7-48BE-B41C-C1B200A67E1D}.Debug|Any CPU.Build.0 = Debug|Any CPU
		{3081A984-D5C7-48BE-B41C-C1B200A67E1D}.Release|Any CPU.ActiveCfg = Release|Any CPU
		{3081A984-D5C7-48BE-B41C-C1B200A67E1D}.Release|Any CPU.Build.0 = Release|Any CPU
		{6B67C97F-F1C0-4A2C-BBA5-EF91BFBF909A}.Debug|Any CPU.ActiveCfg = Debug|Any CPU
		{6B67C97F-F1C0-4A2C-BBA5-EF91BFBF909A}.Debug|Any CPU.Build.0 = Debug|Any CPU
		{6B67C97F-F1C0-4A2C-BBA5-EF91BFBF909A}.Release|Any CPU.ActiveCfg = Release|Any CPU
		{6B67C97F-F1C0-4A2C-BBA5-EF91BFBF909A}.Release|Any CPU.Build.0 = Release|Any CPU
		{EF7C90F0-634F-4078-B140-06E55BADB180}.Debug|Any CPU.ActiveCfg = Debug|Any CPU
		{EF7C90F0-634F-4078-B140-06E55BADB180}.Debug|Any CPU.Build.0 = Debug|Any CPU
		{EF7C90F0-634F-4078-B140-06E55BADB180}.Release|Any CPU.ActiveCfg = Release|Any CPU
		{EF7C90F0-634F-4078-B140-06E55BADB180}.Release|Any CPU.Build.0 = Release|Any CPU
		{E6A5E6F4-D614-447B-AF91-E3C28B35CF9B}.Debug|Any CPU.ActiveCfg = Debug|Any CPU
		{E6A5E6F4-D614-447B-AF91-E3C28B35CF9B}.Debug|Any CPU.Build.0 = Debug|Any CPU
		{E6A5E6F4-D614-447B-AF91-E3C28B35CF9B}.Release|Any CPU.ActiveCfg = Release|Any CPU
		{E6A5E6F4-D614-447B-AF91-E3C28B35CF9B}.Release|Any CPU.Build.0 = Release|Any CPU
		{63170532-9C6D-4154-84DB-3CD332D49C51}.Debug|Any CPU.ActiveCfg = Debug|Any CPU
		{63170532-9C6D-4154-84DB-3CD332D49C51}.Debug|Any CPU.Build.0 = Debug|Any CPU
		{63170532-9C6D-4154-84DB-3CD332D49C51}.Release|Any CPU.ActiveCfg = Release|Any CPU
		{63170532-9C6D-4154-84DB-3CD332D49C51}.Release|Any CPU.Build.0 = Release|Any CPU
		{9FE2A648-FBE9-4E54-BAAF-9B86500E3735}.Debug|Any CPU.ActiveCfg = Debug|Any CPU
		{9FE2A648-FBE9-4E54-BAAF-9B86500E3735}.Debug|Any CPU.Build.0 = Debug|Any CPU
		{9FE2A648-FBE9-4E54-BAAF-9B86500E3735}.Release|Any CPU.ActiveCfg = Release|Any CPU
		{9FE2A648-FBE9-4E54-BAAF-9B86500E3735}.Release|Any CPU.Build.0 = Release|Any CPU
		{7C31A258-D9DF-4A7A-93FD-72C6D1D7CE51}.Debug|Any CPU.ActiveCfg = Debug|Any CPU
		{7C31A258-D9DF-4A7A-93FD-72C6D1D7CE51}.Debug|Any CPU.Build.0 = Debug|Any CPU
		{7C31A258-D9DF-4A7A-93FD-72C6D1D7CE51}.Release|Any CPU.ActiveCfg = Release|Any CPU
		{7C31A258-D9DF-4A7A-93FD-72C6D1D7CE51}.Release|Any CPU.Build.0 = Release|Any CPU
		{0D17EB45-B543-49FE-B094-E6ACCEFBA27E}.Debug|Any CPU.ActiveCfg = Debug|Any CPU
		{0D17EB45-B543-49FE-B094-E6ACCEFBA27E}.Debug|Any CPU.Build.0 = Debug|Any CPU
		{0D17EB45-B543-49FE-B094-E6ACCEFBA27E}.Release|Any CPU.ActiveCfg = Release|Any CPU
		{0D17EB45-B543-49FE-B094-E6ACCEFBA27E}.Release|Any CPU.Build.0 = Release|Any CPU
		{060480E6-FCF7-40F0-8A4F-34C774FF4EEF}.Debug|Any CPU.ActiveCfg = Debug|Any CPU
		{060480E6-FCF7-40F0-8A4F-34C774FF4EEF}.Debug|Any CPU.Build.0 = Debug|Any CPU
		{060480E6-FCF7-40F0-8A4F-34C774FF4EEF}.Release|Any CPU.ActiveCfg = Release|Any CPU
		{060480E6-FCF7-40F0-8A4F-34C774FF4EEF}.Release|Any CPU.Build.0 = Release|Any CPU
		{F08FFCB2-F41E-4A1E-A42D-690B1846CC2A}.Debug|Any CPU.ActiveCfg = Debug|Any CPU
		{F08FFCB2-F41E-4A1E-A42D-690B1846CC2A}.Debug|Any CPU.Build.0 = Debug|Any CPU
		{F08FFCB2-F41E-4A1E-A42D-690B1846CC2A}.Release|Any CPU.ActiveCfg = Release|Any CPU
		{F08FFCB2-F41E-4A1E-A42D-690B1846CC2A}.Release|Any CPU.Build.0 = Release|Any CPU
		{586CDC9D-3776-4039-BABF-F6F6D0195044}.Debug|Any CPU.ActiveCfg = Debug|Any CPU
		{586CDC9D-3776-4039-BABF-F6F6D0195044}.Debug|Any CPU.Build.0 = Debug|Any CPU
		{586CDC9D-3776-4039-BABF-F6F6D0195044}.Release|Any CPU.ActiveCfg = Release|Any CPU
		{586CDC9D-3776-4039-BABF-F6F6D0195044}.Release|Any CPU.Build.0 = Release|Any CPU
		{B2D402FA-B0EA-4752-A67C-27EE19F5F83D}.Debug|Any CPU.ActiveCfg = Debug|Any CPU
		{B2D402FA-B0EA-4752-A67C-27EE19F5F83D}.Debug|Any CPU.Build.0 = Debug|Any CPU
		{B2D402FA-B0EA-4752-A67C-27EE19F5F83D}.Release|Any CPU.ActiveCfg = Release|Any CPU
		{B2D402FA-B0EA-4752-A67C-27EE19F5F83D}.Release|Any CPU.Build.0 = Release|Any CPU
		{4D7E2261-D614-40B8-A261-2EC9DF090F4A}.Debug|Any CPU.ActiveCfg = Debug|Any CPU
		{4D7E2261-D614-40B8-A261-2EC9DF090F4A}.Debug|Any CPU.Build.0 = Debug|Any CPU
		{4D7E2261-D614-40B8-A261-2EC9DF090F4A}.Release|Any CPU.ActiveCfg = Release|Any CPU
		{4D7E2261-D614-40B8-A261-2EC9DF090F4A}.Release|Any CPU.Build.0 = Release|Any CPU
		{A3946A05-6A00-48C8-A3AA-F12788389AE1}.Debug|Any CPU.ActiveCfg = Debug|Any CPU
		{A3946A05-6A00-48C8-A3AA-F12788389AE1}.Debug|Any CPU.Build.0 = Debug|Any CPU
		{A3946A05-6A00-48C8-A3AA-F12788389AE1}.Release|Any CPU.ActiveCfg = Release|Any CPU
		{A3946A05-6A00-48C8-A3AA-F12788389AE1}.Release|Any CPU.Build.0 = Release|Any CPU
	EndGlobalSection
	GlobalSection(SolutionProperties) = preSolution
		HideSolutionNode = FALSE
	EndGlobalSection
	GlobalSection(NestedProjects) = preSolution
		{8C24CC2A-C5AC-4E72-A0C0-FB418EBCED61} = {360F7FF8-2735-4BED-B697-3E6D13AA8C88}
		{3081A984-D5C7-48BE-B41C-C1B200A67E1D} = {A34C36C1-E25D-46BC-B9AB-4D29F3A9077C}
		{6B67C97F-F1C0-4A2C-BBA5-EF91BFBF909A} = {B2F2A546-1CE8-4A59-9186-92B72538BF4D}
		{EF7C90F0-634F-4078-B140-06E55BADB180} = {A3BDC7E8-8F3B-410E-8CA8-98B3B9C747F5}
		{E6A5E6F4-D614-447B-AF91-E3C28B35CF9B} = {A08E9588-805B-4CD0-9361-65A34836D7F2}
		{63170532-9C6D-4154-84DB-3CD332D49C51} = {13E43CF4-6493-4658-A3F1-C294952B263D}
		{9FE2A648-FBE9-4E54-BAAF-9B86500E3735} = {EB60F2D4-A013-40F0-88C8-F4A9D714B9E2}
		{7C31A258-D9DF-4A7A-93FD-72C6D1D7CE51} = {632B6516-B21F-4CFE-B894-8F16136E77FE}
		{0D17EB45-B543-49FE-B094-E6ACCEFBA27E} = {632B6516-B21F-4CFE-B894-8F16136E77FE}
		{060480E6-FCF7-40F0-8A4F-34C774FF4EEF} = {632B6516-B21F-4CFE-B894-8F16136E77FE}
		{F08FFCB2-F41E-4A1E-A42D-690B1846CC2A} = {ABDEBB3A-BCC9-42EF-AB27-CBCFAF21A7FF}
		{586CDC9D-3776-4039-BABF-F6F6D0195044} = {ABDEBB3A-BCC9-42EF-AB27-CBCFAF21A7FF}
		{B2D402FA-B0EA-4752-A67C-27EE19F5F83D} = {F60DB2E9-E892-4241-B4F3-8728E3DA5C53}
		{4D7E2261-D614-40B8-A261-2EC9DF090F4A} = {F60DB2E9-E892-4241-B4F3-8728E3DA5C53}
		{A3946A05-6A00-48C8-A3AA-F12788389AE1} = {C50D2469-A94E-4255-98D7-9876BCB87378}
	EndGlobalSection
	GlobalSection(ExtensibilityGlobals) = postSolution
		SolutionGuid = {A84398B0-BBA3-4BED-8FE2-18E9521C352D}
	EndGlobalSection
EndGlobal
